// !$*UTF8*$!
{
	archiveVersion = 1;
	classes = {
	};
	objectVersion = 50;
	objects = {

/* Begin PBXBuildFile section */
		0074897F21A8FC930063F287 /* AppDelegate.swift in Sources */ = {isa = PBXBuildFile; fileRef = 0074897E21A8FC930063F287 /* AppDelegate.swift */; };
		0074898121A8FC930063F287 /* HomeViewController.swift in Sources */ = {isa = PBXBuildFile; fileRef = 0074898021A8FC930063F287 /* HomeViewController.swift */; };
		0074898621A8FC940063F287 /* Assets.xcassets in Resources */ = {isa = PBXBuildFile; fileRef = 0074898521A8FC940063F287 /* Assets.xcassets */; };
		0074898921A8FC940063F287 /* LaunchScreen.storyboard in Resources */ = {isa = PBXBuildFile; fileRef = 0074898721A8FC940063F287 /* LaunchScreen.storyboard */; };
		0074899121A901B00063F287 /* MenuViewController.swift in Sources */ = {isa = PBXBuildFile; fileRef = 0074899021A901B00063F287 /* MenuViewController.swift */; };
		0074899321A937610063F287 /* BaseSlideViewController.swift in Sources */ = {isa = PBXBuildFile; fileRef = 0074899221A937610063F287 /* BaseSlideViewController.swift */; };
		0074899721A952700063F287 /* MenuHeaderView.swift in Sources */ = {isa = PBXBuildFile; fileRef = 0074899621A952700063F287 /* MenuHeaderView.swift */; };
		0074899921A956C50063F287 /* SpacerView.swift in Sources */ = {isa = PBXBuildFile; fileRef = 0074899821A956C50063F287 /* SpacerView.swift */; };
		0074899B21A964180063F287 /* MenuItemCell.swift in Sources */ = {isa = PBXBuildFile; fileRef = 0074899A21A964180063F287 /* MenuItemCell.swift */; };
		0074899F21AA74BD0063F287 /* ViewController.swift in Sources */ = {isa = PBXBuildFile; fileRef = 0074899E21AA74BD0063F287 /* ViewController.swift */; };
		007489A321AA9C2F0063F287 /* ChatRoomMenuViewController.swift in Sources */ = {isa = PBXBuildFile; fileRef = 007489A221AA9C2F0063F287 /* ChatRoomMenuViewController.swift */; };
		007489A521AAA18B0063F287 /* ChatRoomMenuCell.swift in Sources */ = {isa = PBXBuildFile; fileRef = 007489A421AAA18B0063F287 /* ChatRoomMenuCell.swift */; };
		007489A821AAA4340063F287 /* UIView+.swift in Sources */ = {isa = PBXBuildFile; fileRef = 007489A721AAA4340063F287 /* UIView+.swift */; };
/* End PBXBuildFile section */

/* Begin PBXFileReference section */
		0074897B21A8FC930063F287 /* SlideMenu.app */ = {isa = PBXFileReference; explicitFileType = wrapper.application; includeInIndex = 0; path = SlideMenu.app; sourceTree = BUILT_PRODUCTS_DIR; };
		0074897E21A8FC930063F287 /* AppDelegate.swift */ = {isa = PBXFileReference; lastKnownFileType = sourcecode.swift; path = AppDelegate.swift; sourceTree = "<group>"; };
		0074898021A8FC930063F287 /* HomeViewController.swift */ = {isa = PBXFileReference; lastKnownFileType = sourcecode.swift; path = HomeViewController.swift; sourceTree = "<group>"; };
		0074898521A8FC940063F287 /* Assets.xcassets */ = {isa = PBXFileReference; lastKnownFileType = folder.assetcatalog; path = Assets.xcassets; sourceTree = "<group>"; };
		0074898821A8FC940063F287 /* Base */ = {isa = PBXFileReference; lastKnownFileType = file.storyboard; name = Base; path = Base.lproj/LaunchScreen.storyboard; sourceTree = "<group>"; };
		0074898A21A8FC940063F287 /* Info.plist */ = {isa = PBXFileReference; lastKnownFileType = text.plist.xml; path = Info.plist; sourceTree = "<group>"; };
		0074899021A901B00063F287 /* MenuViewController.swift */ = {isa = PBXFileReference; lastKnownFileType = sourcecode.swift; path = MenuViewController.swift; sourceTree = "<group>"; };
		0074899221A937610063F287 /* BaseSlideViewController.swift */ = {isa = PBXFileReference; lastKnownFileType = sourcecode.swift; path = BaseSlideViewController.swift; sourceTree = "<group>"; };
		0074899621A952700063F287 /* MenuHeaderView.swift */ = {isa = PBXFileReference; lastKnownFileType = sourcecode.swift; path = MenuHeaderView.swift; sourceTree = "<group>"; };
		0074899821A956C50063F287 /* SpacerView.swift */ = {isa = PBXFileReference; lastKnownFileType = sourcecode.swift; path = SpacerView.swift; sourceTree = "<group>"; };
		0074899A21A964180063F287 /* MenuItemCell.swift */ = {isa = PBXFileReference; lastKnownFileType = sourcecode.swift; path = MenuItemCell.swift; sourceTree = "<group>"; };
		0074899E21AA74BD0063F287 /* ViewController.swift */ = {isa = PBXFileReference; lastKnownFileType = sourcecode.swift; path = ViewController.swift; sourceTree = "<group>"; };
		007489A221AA9C2F0063F287 /* ChatRoomMenuViewController.swift */ = {isa = PBXFileReference; lastKnownFileType = sourcecode.swift; path = ChatRoomMenuViewController.swift; sourceTree = "<group>"; };
		007489A421AAA18B0063F287 /* ChatRoomMenuCell.swift */ = {isa = PBXFileReference; lastKnownFileType = sourcecode.swift; path = ChatRoomMenuCell.swift; sourceTree = "<group>"; };
		007489A721AAA4340063F287 /* UIView+.swift */ = {isa = PBXFileReference; lastKnownFileType = sourcecode.swift; path = "UIView+.swift"; sourceTree = "<group>"; };
/* End PBXFileReference section */

/* Begin PBXFrameworksBuildPhase section */
		0074897821A8FC920063F287 /* Frameworks */ = {
			isa = PBXFrameworksBuildPhase;
			buildActionMask = 2147483647;
			files = (
			);
			runOnlyForDeploymentPostprocessing = 0;
		};
/* End PBXFrameworksBuildPhase section */

/* Begin PBXGroup section */
		0074897221A8FC920063F287 = {
			isa = PBXGroup;
			children = (
				0074897D21A8FC930063F287 /* SlideMenu */,
				0074897C21A8FC930063F287 /* Products */,
			);
			sourceTree = "<group>";
		};
		0074897C21A8FC930063F287 /* Products */ = {
			isa = PBXGroup;
			children = (
				0074897B21A8FC930063F287 /* SlideMenu.app */,
			);
			name = Products;
			sourceTree = "<group>";
		};
		0074897D21A8FC930063F287 /* SlideMenu */ = {
			isa = PBXGroup;
			children = (
				0074897E21A8FC930063F287 /* AppDelegate.swift */,
				0074899421A9523A0063F287 /* Controller */,
				0074899521A9524D0063F287 /* View */,
				0074898521A8FC940063F287 /* Assets.xcassets */,
				007489A721AAA4340063F287 /* UIView+.swift */,
				0074898721A8FC940063F287 /* LaunchScreen.storyboard */,
				0074898A21A8FC940063F287 /* Info.plist */,
			);
			path = SlideMenu;
			sourceTree = "<group>";
		};
		0074899421A9523A0063F287 /* Controller */ = {
			isa = PBXGroup;
			children = (
				007489A021AA82080063F287 /* Parent */,
				007489A121AA82100063F287 /* Child */,
			);
			path = Controller;
			sourceTree = "<group>";
		};
		0074899521A9524D0063F287 /* View */ = {
			isa = PBXGroup;
			children = (
				0074899621A952700063F287 /* MenuHeaderView.swift */,
				0074899821A956C50063F287 /* SpacerView.swift */,
				0074899A21A964180063F287 /* MenuItemCell.swift */,
				007489A421AAA18B0063F287 /* ChatRoomMenuCell.swift */,
			);
			path = View;
			sourceTree = "<group>";
		};
		007489A021AA82080063F287 /* Parent */ = {
			isa = PBXGroup;
			children = (
				0074899221A937610063F287 /* BaseSlideViewController.swift */,
			);
			path = Parent;
			sourceTree = "<group>";
		};
		007489A121AA82100063F287 /* Child */ = {
			isa = PBXGroup;
			children = (
				0074898021A8FC930063F287 /* HomeViewController.swift */,
				0074899021A901B00063F287 /* MenuViewController.swift */,
				007489A221AA9C2F0063F287 /* ChatRoomMenuViewController.swift */,
				0074899E21AA74BD0063F287 /* ViewController.swift */,
			);
			path = Child;
			sourceTree = "<group>";
		};
/* End PBXGroup section */

/* Begin PBXNativeTarget section */
		0074897A21A8FC920063F287 /* SlideMenu */ = {
			isa = PBXNativeTarget;
			buildConfigurationList = 0074898D21A8FC940063F287 /* Build configuration list for PBXNativeTarget "SlideMenu" */;
			buildPhases = (
				0074897721A8FC920063F287 /* Sources */,
				0074897821A8FC920063F287 /* Frameworks */,
				0074897921A8FC920063F287 /* Resources */,
			);
			buildRules = (
			);
			dependencies = (
			);
			name = SlideMenu;
			productName = SlideMenu;
			productReference = 0074897B21A8FC930063F287 /* SlideMenu.app */;
			productType = "com.apple.product-type.application";
		};
/* End PBXNativeTarget section */

/* Begin PBXProject section */
		0074897321A8FC920063F287 /* Project object */ = {
			isa = PBXProject;
			attributes = {
				LastSwiftUpdateCheck = 1000;
				LastUpgradeCheck = 1000;
				ORGANIZATIONNAME = takeru;
				TargetAttributes = {
					0074897A21A8FC920063F287 = {
						CreatedOnToolsVersion = 10.0;
					};
				};
			};
			buildConfigurationList = 0074897621A8FC920063F287 /* Build configuration list for PBXProject "SlideMenu" */;
			compatibilityVersion = "Xcode 9.3";
			developmentRegion = en;
			hasScannedForEncodings = 0;
			knownRegions = (
				en,
				Base,
			);
			mainGroup = 0074897221A8FC920063F287;
			productRefGroup = 0074897C21A8FC930063F287 /* Products */;
			projectDirPath = "";
			projectRoot = "";
			targets = (
				0074897A21A8FC920063F287 /* SlideMenu */,
			);
		};
/* End PBXProject section */

/* Begin PBXResourcesBuildPhase section */
		0074897921A8FC920063F287 /* Resources */ = {
			isa = PBXResourcesBuildPhase;
			buildActionMask = 2147483647;
			files = (
				0074898921A8FC940063F287 /* LaunchScreen.storyboard in Resources */,
				0074898621A8FC940063F287 /* Assets.xcassets in Resources */,
			);
			runOnlyForDeploymentPostprocessing = 0;
		};
/* End PBXResourcesBuildPhase section */

/* Begin PBXSourcesBuildPhase section */
		0074897721A8FC920063F287 /* Sources */ = {
			isa = PBXSourcesBuildPhase;
			buildActionMask = 2147483647;
			files = (
				0074898121A8FC930063F287 /* HomeViewController.swift in Sources */,
				0074899121A901B00063F287 /* MenuViewController.swift in Sources */,
				0074899921A956C50063F287 /* SpacerView.swift in Sources */,
				007489A321AA9C2F0063F287 /* ChatRoomMenuViewController.swift in Sources */,
				0074899721A952700063F287 /* MenuHeaderView.swift in Sources */,
				0074899B21A964180063F287 /* MenuItemCell.swift in Sources */,
				0074897F21A8FC930063F287 /* AppDelegate.swift in Sources */,
				0074899F21AA74BD0063F287 /* ViewController.swift in Sources */,
				007489A821AAA4340063F287 /* UIView+.swift in Sources */,
				0074899321A937610063F287 /* BaseSlideViewController.swift in Sources */,
				007489A521AAA18B0063F287 /* ChatRoomMenuCell.swift in Sources */,
			);
			runOnlyForDeploymentPostprocessing = 0;
		};
/* End PBXSourcesBuildPhase section */

/* Begin PBXVariantGroup section */
		0074898721A8FC940063F287 /* LaunchScreen.storyboard */ = {
			isa = PBXVariantGroup;
			children = (
				0074898821A8FC940063F287 /* Base */,
			);
			name = LaunchScreen.storyboard;
			sourceTree = "<group>";
		};
/* End PBXVariantGroup section */

/* Begin XCBuildConfiguration section */
		0074898B21A8FC940063F287 /* Debug */ = {
			isa = XCBuildConfiguration;
			buildSettings = {
				ALWAYS_SEARCH_USER_PATHS = NO;
				CLANG_ANALYZER_NONNULL = YES;
				CLANG_ANALYZER_NUMBER_OBJECT_CONVERSION = YES_AGGRESSIVE;
				CLANG_CXX_LANGUAGE_STANDARD = "gnu++14";
				CLANG_CXX_LIBRARY = "libc++";
				CLANG_ENABLE_MODULES = YES;
				CLANG_ENABLE_OBJC_ARC = YES;
				CLANG_ENABLE_OBJC_WEAK = YES;
				CLANG_WARN_BLOCK_CAPTURE_AUTORELEASING = YES;
				CLANG_WARN_BOOL_CONVERSION = YES;
				CLANG_WARN_COMMA = YES;
				CLANG_WARN_CONSTANT_CONVERSION = YES;
				CLANG_WARN_DEPRECATED_OBJC_IMPLEMENTATIONS = YES;
				CLANG_WARN_DIRECT_OBJC_ISA_USAGE = YES_ERROR;
				CLANG_WARN_DOCUMENTATION_COMMENTS = YES;
				CLANG_WARN_EMPTY_BODY = YES;
				CLANG_WARN_ENUM_CONVERSION = YES;
				CLANG_WARN_INFINITE_RECURSION = YES;
				CLANG_WARN_INT_CONVERSION = YES;
				CLANG_WARN_NON_LITERAL_NULL_CONVERSION = YES;
				CLANG_WARN_OBJC_IMPLICIT_RETAIN_SELF = YES;
				CLANG_WARN_OBJC_LITERAL_CONVERSION = YES;
				CLANG_WARN_OBJC_ROOT_CLASS = YES_ERROR;
				CLANG_WARN_RANGE_LOOP_ANALYSIS = YES;
				CLANG_WARN_STRICT_PROTOTYPES = YES;
				CLANG_WARN_SUSPICIOUS_MOVE = YES;
				CLANG_WARN_UNGUARDED_AVAILABILITY = YES_AGGRESSIVE;
				CLANG_WARN_UNREACHABLE_CODE = YES;
				CLANG_WARN__DUPLICATE_METHOD_MATCH = YES;
				CODE_SIGN_IDENTITY = "iPhone Developer";
				COPY_PHASE_STRIP = NO;
				DEBUG_INFORMATION_FORMAT = dwarf;
				ENABLE_STRICT_OBJC_MSGSEND = YES;
				ENABLE_TESTABILITY = YES;
				GCC_C_LANGUAGE_STANDARD = gnu11;
				GCC_DYNAMIC_NO_PIC = NO;
				GCC_NO_COMMON_BLOCKS = YES;
				GCC_OPTIMIZATION_LEVEL = 0;
				GCC_PREPROCESSOR_DEFINITIONS = (
					"DEBUG=1",
					"$(inherited)",
				);
				GCC_WARN_64_TO_32_BIT_CONVERSION = YES;
				GCC_WARN_ABOUT_RETURN_TYPE = YES_ERROR;
				GCC_WARN_UNDECLARED_SELECTOR = YES;
				GCC_WARN_UNINITIALIZED_AUTOS = YES_AGGRESSIVE;
				GCC_WARN_UNUSED_FUNCTION = YES;
				GCC_WARN_UNUSED_VARIABLE = YES;
				IPHONEOS_DEPLOYMENT_TARGET = 12.0;
				MTL_ENABLE_DEBUG_INFO = INCLUDE_SOURCE;
				MTL_FAST_MATH = YES;
				ONLY_ACTIVE_ARCH = YES;
				SDKROOT = iphoneos;
				SWIFT_ACTIVE_COMPILATION_CONDITIONS = DEBUG;
				SWIFT_OPTIMIZATION_LEVEL = "-Onone";
			};
			name = Debug;
		};
		0074898C21A8FC940063F287 /* Release */ = {
			isa = XCBuildConfiguration;
			buildSettings = {
				ALWAYS_SEARCH_USER_PATHS = NO;
				CLANG_ANALYZER_NONNULL = YES;
				CLANG_ANALYZER_NUMBER_OBJECT_CONVERSION = YES_AGGRESSIVE;
				CLANG_CXX_LANGUAGE_STANDARD = "gnu++14";
				CLANG_CXX_LIBRARY = "libc++";
				CLANG_ENABLE_MODULES = YES;
				CLANG_ENABLE_OBJC_ARC = YES;
				CLANG_ENABLE_OBJC_WEAK = YES;
				CLANG_WARN_BLOCK_CAPTURE_AUTORELEASING = YES;
				CLANG_WARN_BOOL_CONVERSION = YES;
				CLANG_WARN_COMMA = YES;
				CLANG_WARN_CONSTANT_CONVERSION = YES;
				CLANG_WARN_DEPRECATED_OBJC_IMPLEMENTATIONS = YES;
				CLANG_WARN_DIRECT_OBJC_ISA_USAGE = YES_ERROR;
				CLANG_WARN_DOCUMENTATION_COMMENTS = YES;
				CLANG_WARN_EMPTY_BODY = YES;
				CLANG_WARN_ENUM_CONVERSION = YES;
				CLANG_WARN_INFINITE_RECURSION = YES;
				CLANG_WARN_INT_CONVERSION = YES;
				CLANG_WARN_NON_LITERAL_NULL_CONVERSION = YES;
				CLANG_WARN_OBJC_IMPLICIT_RETAIN_SELF = YES;
				CLANG_WARN_OBJC_LITERAL_CONVERSION = YES;
				CLANG_WARN_OBJC_ROOT_CLASS = YES_ERROR;
				CLANG_WARN_RANGE_LOOP_ANALYSIS = YES;
				CLANG_WARN_STRICT_PROTOTYPES = YES;
				CLANG_WARN_SUSPICIOUS_MOVE = YES;
				CLANG_WARN_UNGUARDED_AVAILABILITY = YES_AGGRESSIVE;
				CLANG_WARN_UNREACHABLE_CODE = YES;
				CLANG_WARN__DUPLICATE_METHOD_MATCH = YES;
				CODE_SIGN_IDENTITY = "iPhone Developer";
				COPY_PHASE_STRIP = NO;
				DEBUG_INFORMATION_FORMAT = "dwarf-with-dsym";
				ENABLE_NS_ASSERTIONS = NO;
				ENABLE_STRICT_OBJC_MSGSEND = YES;
				GCC_C_LANGUAGE_STANDARD = gnu11;
				GCC_NO_COMMON_BLOCKS = YES;
				GCC_WARN_64_TO_32_BIT_CONVERSION = YES;
				GCC_WARN_ABOUT_RETURN_TYPE = YES_ERROR;
				GCC_WARN_UNDECLARED_SELECTOR = YES;
				GCC_WARN_UNINITIALIZED_AUTOS = YES_AGGRESSIVE;
				GCC_WARN_UNUSED_FUNCTION = YES;
				GCC_WARN_UNUSED_VARIABLE = YES;
				IPHONEOS_DEPLOYMENT_TARGET = 12.0;
				MTL_ENABLE_DEBUG_INFO = NO;
				MTL_FAST_MATH = YES;
				SDKROOT = iphoneos;
				SWIFT_COMPILATION_MODE = wholemodule;
				SWIFT_OPTIMIZATION_LEVEL = "-O";
				VALIDATE_PRODUCT = YES;
			};
			name = Release;
		};
		0074898E21A8FC940063F287 /* Debug */ = {
			isa = XCBuildConfiguration;
			buildSettings = {
				ASSETCATALOG_COMPILER_APPICON_NAME = AppIcon;
				CODE_SIGN_STYLE = Automatic;
				DEVELOPMENT_TEAM = 8CT28C7263;
				INFOPLIST_FILE = SlideMenu/Info.plist;
				LD_RUNPATH_SEARCH_PATHS = (
					"$(inherited)",
					"@executable_path/Frameworks",
				);
				PRODUCT_BUNDLE_IDENTIFIER = com.son.SlideMenu;
				PRODUCT_NAME = "$(TARGET_NAME)";
				SWIFT_VERSION = 4.2;
				TARGETED_DEVICE_FAMILY = "1,2";
			};
			name = Debug;
		};
		0074898F21A8FC940063F287 /* Release */ = {
			isa = XCBuildConfiguration;
			buildSettings = {
				ASSETCATALOG_COMPILER_APPICON_NAME = AppIcon;
				CODE_SIGN_STYLE = Automatic;
				DEVELOPMENT_TEAM = 8CT28C7263;
				INFOPLIST_FILE = SlideMenu/Info.plist;
				LD_RUNPATH_SEARCH_PATHS = (
					"$(inherited)",
					"@executable_path/Frameworks",
				);
				PRODUCT_BUNDLE_IDENTIFIER = com.son.SlideMenu;
				PRODUCT_NAME = "$(TARGET_NAME)";
				SWIFT_VERSION = 4.2;
				TARGETED_DEVICE_FAMILY = "1,2";
			};
			name = Release;
		};
/* End XCBuildConfiguration section */

/* Begin XCConfigurationList section */
		0074897621A8FC920063F287 /* Build configuration list for PBXProject "SlideMenu" */ = {
			isa = XCConfigurationList;
			buildConfigurations = (
				0074898B21A8FC940063F287 /* Debug */,
				0074898C21A8FC940063F287 /* Release */,
			);
			defaultConfigurationIsVisible = 0;
			defaultConfigurationName = Release;
		};
		0074898D21A8FC940063F287 /* Build configuration list for PBXNativeTarget "SlideMenu" */ = {
			isa = XCConfigurationList;
			buildConfigurations = (
				0074898E21A8FC940063F287 /* Debug */,
				0074898F21A8FC940063F287 /* Release */,
			);
			defaultConfigurationIsVisible = 0;
			defaultConfigurationName = Release;
		};
/* End XCConfigurationList section */
	};
	rootObject = 0074897321A8FC920063F287 /* Project object */;
}
